lockfileVersion: '9.0'

settings:
  autoInstallPeers: true
  excludeLinksFromLockfile: false

importers:

  .:
    dependencies:
      net:
        specifier: ^1.0.2
        version: 1.0.2
      readline:
        specifier: ^1.3.0
        version: 1.3.0
    devDependencies:
      '@types/node':
        specifier: ^24.9.2
        version: 24.9.2

packages:

  '@types/node@24.9.2':
    resolution: {integrity: sha512-uWN8YqxXxqFMX2RqGOrumsKeti4LlmIMIyV0lgut4jx7KQBcBiW6vkDtIBvHnHIquwNfJhk8v2OtmO8zXWHfPA==}

  net@1.0.2:
    resolution: {integrity: sha512-kbhcj2SVVR4caaVnGLJKmlk2+f+oLkjqdKeQlmUtz6nGzOpbcobwVIeSURNgraV/v3tlmGIX82OcPCl0K6RbHQ==}

  readline@1.3.0:
    resolution: {integrity: sha512-k2d6ACCkiNYz222Fs/iNze30rRJ1iIicW7JuX/7/cozvih6YCkFZH+J6mAFDVgv0dRBaAyr4jDqC95R2y4IADg==}

  undici-types@7.16.0:
    resolution: {integrity: sha512-Zz+aZWSj8LE6zoxD+xrjh4VfkIG8Ya6LvYkZqtUQGJPZjYl53ypCaUwWqo7eI0x66KBGeRo+mlBEkMSeSZ38Nw==}

snapshots:

  '@types/node@24.9.2':
    dependencies:
      undici-types: 7.16.0

  net@1.0.2: {}

  readline@1.3.0: {}

  undici-types@7.16.0: {}
